// !$*UTF8*$!
{
	archiveVersion = 1;
	classes = {
	};
	objectVersion = 56;
	objects = {

/* Begin PBXBuildFile section */
		A27CC0AE2C891F2C00242728 /* FetchiOSCodingChallanegeApp.swift in Sources */ = {isa = PBXBuildFile; fileRef = A27CC0AD2C891F2C00242728 /* FetchiOSCodingChallanegeApp.swift */; };
		A27CC0B02C891F2C00242728 /* DessertListView.swift in Sources */ = {isa = PBXBuildFile; fileRef = A27CC0AF2C891F2C00242728 /* DessertListView.swift */; };
		A27CC0B22C891F2E00242728 /* Assets.xcassets in Resources */ = {isa = PBXBuildFile; fileRef = A27CC0B12C891F2E00242728 /* Assets.xcassets */; };
		A27CC0B52C891F2E00242728 /* Preview Assets.xcassets in Resources */ = {isa = PBXBuildFile; fileRef = A27CC0B42C891F2E00242728 /* Preview Assets.xcassets */; };
		A27CC0BF2C891F2E00242728 /* FetchiOSCodingChallanegeTests.swift in Sources */ = {isa = PBXBuildFile; fileRef = A27CC0BE2C891F2E00242728 /* FetchiOSCodingChallanegeTests.swift */; };
		A27CC0C92C891F2E00242728 /* FetchiOSCodingChallanegeUITests.swift in Sources */ = {isa = PBXBuildFile; fileRef = A27CC0C82C891F2E00242728 /* FetchiOSCodingChallanegeUITests.swift */; };
		A27CC0CB2C891F2E00242728 /* FetchiOSCodingChallanegeUITestsLaunchTests.swift in Sources */ = {isa = PBXBuildFile; fileRef = A27CC0CA2C891F2E00242728 /* FetchiOSCodingChallanegeUITestsLaunchTests.swift */; };
		A27CC0D82C8928D600242728 /* DessertDetailView.swift in Sources */ = {isa = PBXBuildFile; fileRef = A27CC0D72C8928D600242728 /* DessertDetailView.swift */; };
		A27CC0DB2C8A6B0200242728 /* MealDetailsDTO.swift in Sources */ = {isa = PBXBuildFile; fileRef = A27CC0DA2C8A6B0200242728 /* MealDetailsDTO.swift */; };
		A27CC0DD2C8A6C0C00242728 /* MealsDTO.swift in Sources */ = {isa = PBXBuildFile; fileRef = A27CC0DC2C8A6C0C00242728 /* MealsDTO.swift */; };
		A27CC0E22C8A729700242728 /* DessertDetailViewModel.swift in Sources */ = {isa = PBXBuildFile; fileRef = A27CC0E12C8A729700242728 /* DessertDetailViewModel.swift */; };
		A27CC0E42C8A72F300242728 /* DessertListViewModel.swift in Sources */ = {isa = PBXBuildFile; fileRef = A27CC0E32C8A72F300242728 /* DessertListViewModel.swift */; };
		A27CC0E72C8A769600242728 /* DessertListDataProvider.swift in Sources */ = {isa = PBXBuildFile; fileRef = A27CC0E62C8A769600242728 /* DessertListDataProvider.swift */; };
		A27CC0E92C8A771300242728 /* DessertDetailDataProvider.swift in Sources */ = {isa = PBXBuildFile; fileRef = A27CC0E82C8A771300242728 /* DessertDetailDataProvider.swift */; };
		A27CC0EC2C8A784700242728 /* AsyncImageView.swift in Sources */ = {isa = PBXBuildFile; fileRef = A27CC0EB2C8A784700242728 /* AsyncImageView.swift */; };
		A27CC0EE2C8A7A8100242728 /* DataProvider.swift in Sources */ = {isa = PBXBuildFile; fileRef = A27CC0ED2C8A7A8100242728 /* DataProvider.swift */; };
		A27CC0F02C8BA72B00242728 /* APIEndpoint.swift in Sources */ = {isa = PBXBuildFile; fileRef = A27CC0EF2C8BA72B00242728 /* APIEndpoint.swift */; };
		A27CC0F22C8BAA0E00242728 /* MealDetail.swift in Sources */ = {isa = PBXBuildFile; fileRef = A27CC0F12C8BAA0E00242728 /* MealDetail.swift */; };
		A27CC0F42C8BAA4900242728 /* Meal.swift in Sources */ = {isa = PBXBuildFile; fileRef = A27CC0F32C8BAA4900242728 /* Meal.swift */; };
		A27CC0F62C8BB06F00242728 /* DessertDetailViewModelTests.swift in Sources */ = {isa = PBXBuildFile; fileRef = A27CC0F52C8BB06F00242728 /* DessertDetailViewModelTests.swift */; };
		A27CC0F82C8E654B00242728 /* DessertListViewModelTests.swift in Sources */ = {isa = PBXBuildFile; fileRef = A27CC0F72C8E654B00242728 /* DessertListViewModelTests.swift */; };
		A27CC0FB2C90FF7200242728 /* ListDataProvider.swift in Sources */ = {isa = PBXBuildFile; fileRef = A27CC0FA2C90FF7200242728 /* ListDataProvider.swift */; };
		A27CC0FD2C90FFA500242728 /* MockListDataProvider.swift in Sources */ = {isa = PBXBuildFile; fileRef = A27CC0FC2C90FFA500242728 /* MockListDataProvider.swift */; };
		A27CC0FF2C90FFD200242728 /* MockThrowingListDataProvider.swift in Sources */ = {isa = PBXBuildFile; fileRef = A27CC0FE2C90FFD200242728 /* MockThrowingListDataProvider.swift */; };
		A27CC1022C91002700242728 /* DetailDataProvider.swift in Sources */ = {isa = PBXBuildFile; fileRef = A27CC1012C91002700242728 /* DetailDataProvider.swift */; };
		A27CC1042C91009500242728 /* MockThrowingDetailDataProvider.swift in Sources */ = {isa = PBXBuildFile; fileRef = A27CC1032C91009500242728 /* MockThrowingDetailDataProvider.swift */; };
		A27CC1062C9100BD00242728 /* MockDetailDataProvider.swift in Sources */ = {isa = PBXBuildFile; fileRef = A27CC1052C9100BD00242728 /* MockDetailDataProvider.swift */; };
/* End PBXBuildFile section */

/* Begin PBXContainerItemProxy section */
		A27CC0BB2C891F2E00242728 /* PBXContainerItemProxy */ = {
			isa = PBXContainerItemProxy;
			containerPortal = A27CC0A22C891F2C00242728 /* Project object */;
			proxyType = 1;
			remoteGlobalIDString = A27CC0A92C891F2C00242728;
			remoteInfo = FetchiOSCodingChallanege;
		};
		A27CC0C52C891F2E00242728 /* PBXContainerItemProxy */ = {
			isa = PBXContainerItemProxy;
			containerPortal = A27CC0A22C891F2C00242728 /* Project object */;
			proxyType = 1;
			remoteGlobalIDString = A27CC0A92C891F2C00242728;
			remoteInfo = FetchiOSCodingChallanege;
		};
/* End PBXContainerItemProxy section */

/* Begin PBXFileReference section */
		A27CC0AA2C891F2C00242728 /* FetchiOSCodingChallanege.app */ = {isa = PBXFileReference; explicitFileType = wrapper.application; includeInIndex = 0; path = FetchiOSCodingChallanege.app; sourceTree = BUILT_PRODUCTS_DIR; };
		A27CC0AD2C891F2C00242728 /* FetchiOSCodingChallanegeApp.swift */ = {isa = PBXFileReference; lastKnownFileType = sourcecode.swift; path = FetchiOSCodingChallanegeApp.swift; sourceTree = "<group>"; };
		A27CC0AF2C891F2C00242728 /* DessertListView.swift */ = {isa = PBXFileReference; lastKnownFileType = sourcecode.swift; path = DessertListView.swift; sourceTree = "<group>"; };
		A27CC0B12C891F2E00242728 /* Assets.xcassets */ = {isa = PBXFileReference; lastKnownFileType = folder.assetcatalog; path = Assets.xcassets; sourceTree = "<group>"; };
		A27CC0B42C891F2E00242728 /* Preview Assets.xcassets */ = {isa = PBXFileReference; lastKnownFileType = folder.assetcatalog; path = "Preview Assets.xcassets"; sourceTree = "<group>"; };
		A27CC0BA2C891F2E00242728 /* FetchiOSCodingChallanegeTests.xctest */ = {isa = PBXFileReference; explicitFileType = wrapper.cfbundle; includeInIndex = 0; path = FetchiOSCodingChallanegeTests.xctest; sourceTree = BUILT_PRODUCTS_DIR; };
		A27CC0BE2C891F2E00242728 /* FetchiOSCodingChallanegeTests.swift */ = {isa = PBXFileReference; lastKnownFileType = sourcecode.swift; path = FetchiOSCodingChallanegeTests.swift; sourceTree = "<group>"; };
		A27CC0C42C891F2E00242728 /* FetchiOSCodingChallanegeUITests.xctest */ = {isa = PBXFileReference; explicitFileType = wrapper.cfbundle; includeInIndex = 0; path = FetchiOSCodingChallanegeUITests.xctest; sourceTree = BUILT_PRODUCTS_DIR; };
		A27CC0C82C891F2E00242728 /* FetchiOSCodingChallanegeUITests.swift */ = {isa = PBXFileReference; lastKnownFileType = sourcecode.swift; path = FetchiOSCodingChallanegeUITests.swift; sourceTree = "<group>"; };
		A27CC0CA2C891F2E00242728 /* FetchiOSCodingChallanegeUITestsLaunchTests.swift */ = {isa = PBXFileReference; lastKnownFileType = sourcecode.swift; path = FetchiOSCodingChallanegeUITestsLaunchTests.swift; sourceTree = "<group>"; };
		A27CC0D72C8928D600242728 /* DessertDetailView.swift */ = {isa = PBXFileReference; lastKnownFileType = sourcecode.swift; path = DessertDetailView.swift; sourceTree = "<group>"; };
		A27CC0DA2C8A6B0200242728 /* MealDetailsDTO.swift */ = {isa = PBXFileReference; lastKnownFileType = sourcecode.swift; path = MealDetailsDTO.swift; sourceTree = "<group>"; };
		A27CC0DC2C8A6C0C00242728 /* MealsDTO.swift */ = {isa = PBXFileReference; lastKnownFileType = sourcecode.swift; path = MealsDTO.swift; sourceTree = "<group>"; };
		A27CC0E12C8A729700242728 /* DessertDetailViewModel.swift */ = {isa = PBXFileReference; lastKnownFileType = sourcecode.swift; path = DessertDetailViewModel.swift; sourceTree = "<group>"; };
		A27CC0E32C8A72F300242728 /* DessertListViewModel.swift */ = {isa = PBXFileReference; lastKnownFileType = sourcecode.swift; path = DessertListViewModel.swift; sourceTree = "<group>"; };
		A27CC0E62C8A769600242728 /* DessertListDataProvider.swift */ = {isa = PBXFileReference; lastKnownFileType = sourcecode.swift; path = DessertListDataProvider.swift; sourceTree = "<group>"; };
		A27CC0E82C8A771300242728 /* DessertDetailDataProvider.swift */ = {isa = PBXFileReference; lastKnownFileType = sourcecode.swift; path = DessertDetailDataProvider.swift; sourceTree = "<group>"; };
		A27CC0EB2C8A784700242728 /* AsyncImageView.swift */ = {isa = PBXFileReference; lastKnownFileType = sourcecode.swift; path = AsyncImageView.swift; sourceTree = "<group>"; };
		A27CC0ED2C8A7A8100242728 /* DataProvider.swift */ = {isa = PBXFileReference; lastKnownFileType = sourcecode.swift; path = DataProvider.swift; sourceTree = "<group>"; };
		A27CC0EF2C8BA72B00242728 /* APIEndpoint.swift */ = {isa = PBXFileReference; lastKnownFileType = sourcecode.swift; path = APIEndpoint.swift; sourceTree = "<group>"; };
		A27CC0F12C8BAA0E00242728 /* MealDetail.swift */ = {isa = PBXFileReference; lastKnownFileType = sourcecode.swift; path = MealDetail.swift; sourceTree = "<group>"; };
		A27CC0F32C8BAA4900242728 /* Meal.swift */ = {isa = PBXFileReference; lastKnownFileType = sourcecode.swift; path = Meal.swift; sourceTree = "<group>"; };
		A27CC0F52C8BB06F00242728 /* DessertDetailViewModelTests.swift */ = {isa = PBXFileReference; lastKnownFileType = sourcecode.swift; path = DessertDetailViewModelTests.swift; sourceTree = "<group>"; };
		A27CC0F72C8E654B00242728 /* DessertListViewModelTests.swift */ = {isa = PBXFileReference; lastKnownFileType = sourcecode.swift; path = DessertListViewModelTests.swift; sourceTree = "<group>"; };
		A27CC0FA2C90FF7200242728 /* ListDataProvider.swift */ = {isa = PBXFileReference; lastKnownFileType = sourcecode.swift; path = ListDataProvider.swift; sourceTree = "<group>"; };
		A27CC0FC2C90FFA500242728 /* MockListDataProvider.swift */ = {isa = PBXFileReference; lastKnownFileType = sourcecode.swift; path = MockListDataProvider.swift; sourceTree = "<group>"; };
		A27CC0FE2C90FFD200242728 /* MockThrowingListDataProvider.swift */ = {isa = PBXFileReference; lastKnownFileType = sourcecode.swift; path = MockThrowingListDataProvider.swift; sourceTree = "<group>"; };
		A27CC1012C91002700242728 /* DetailDataProvider.swift */ = {isa = PBXFileReference; lastKnownFileType = sourcecode.swift; path = DetailDataProvider.swift; sourceTree = "<group>"; };
		A27CC1032C91009500242728 /* MockThrowingDetailDataProvider.swift */ = {isa = PBXFileReference; lastKnownFileType = sourcecode.swift; path = MockThrowingDetailDataProvider.swift; sourceTree = "<group>"; };
		A27CC1052C9100BD00242728 /* MockDetailDataProvider.swift */ = {isa = PBXFileReference; lastKnownFileType = sourcecode.swift; path = MockDetailDataProvider.swift; sourceTree = "<group>"; };
/* End PBXFileReference section */

/* Begin PBXFrameworksBuildPhase section */
		A27CC0A72C891F2C00242728 /* Frameworks */ = {
			isa = PBXFrameworksBuildPhase;
			buildActionMask = 2147483647;
			files = (
			);
			runOnlyForDeploymentPostprocessing = 0;
		};
		A27CC0B72C891F2E00242728 /* Frameworks */ = {
			isa = PBXFrameworksBuildPhase;
			buildActionMask = 2147483647;
			files = (
			);
			runOnlyForDeploymentPostprocessing = 0;
		};
		A27CC0C12C891F2E00242728 /* Frameworks */ = {
			isa = PBXFrameworksBuildPhase;
			buildActionMask = 2147483647;
			files = (
			);
			runOnlyForDeploymentPostprocessing = 0;
		};
/* End PBXFrameworksBuildPhase section */

/* Begin PBXGroup section */
		A27CC0A12C891F2C00242728 = {
			isa = PBXGroup;
			children = (
				A27CC0AC2C891F2C00242728 /* FetchiOSCodingChallanege */,
				A27CC0BD2C891F2E00242728 /* FetchiOSCodingChallanegeTests */,
				A27CC0C72C891F2E00242728 /* FetchiOSCodingChallanegeUITests */,
				A27CC0AB2C891F2C00242728 /* Products */,
			);
			sourceTree = "<group>";
		};
		A27CC0AB2C891F2C00242728 /* Products */ = {
			isa = PBXGroup;
			children = (
				A27CC0AA2C891F2C00242728 /* FetchiOSCodingChallanege.app */,
				A27CC0BA2C891F2E00242728 /* FetchiOSCodingChallanegeTests.xctest */,
				A27CC0C42C891F2E00242728 /* FetchiOSCodingChallanegeUITests.xctest */,
			);
			name = Products;
			sourceTree = "<group>";
		};
		A27CC0AC2C891F2C00242728 /* FetchiOSCodingChallanege */ = {
			isa = PBXGroup;
			children = (
				A27CC0AD2C891F2C00242728 /* FetchiOSCodingChallanegeApp.swift */,
				A27CC0E52C8A767B00242728 /* DataProviders */,
				A27CC0E02C8A728200242728 /* ViewModels */,
				A27CC0DE2C8A6C2D00242728 /* Views */,
				A27CC0D92C8A6AAF00242728 /* Models */,
				A27CC0B12C891F2E00242728 /* Assets.xcassets */,
				A27CC0B32C891F2E00242728 /* Preview Content */,
			);
			path = FetchiOSCodingChallanege;
			sourceTree = "<group>";
		};
		A27CC0B32C891F2E00242728 /* Preview Content */ = {
			isa = PBXGroup;
			children = (
				A27CC0B42C891F2E00242728 /* Preview Assets.xcassets */,
			);
			path = "Preview Content";
			sourceTree = "<group>";
		};
		A27CC0BD2C891F2E00242728 /* FetchiOSCodingChallanegeTests */ = {
			isa = PBXGroup;
			children = (
				A27CC0BE2C891F2E00242728 /* FetchiOSCodingChallanegeTests.swift */,
				A27CC0F52C8BB06F00242728 /* DessertDetailViewModelTests.swift */,
				A27CC0F72C8E654B00242728 /* DessertListViewModelTests.swift */,
			);
			path = FetchiOSCodingChallanegeTests;
			sourceTree = "<group>";
		};
		A27CC0C72C891F2E00242728 /* FetchiOSCodingChallanegeUITests */ = {
			isa = PBXGroup;
			children = (
				A27CC0C82C891F2E00242728 /* FetchiOSCodingChallanegeUITests.swift */,
				A27CC0CA2C891F2E00242728 /* FetchiOSCodingChallanegeUITestsLaunchTests.swift */,
			);
			path = FetchiOSCodingChallanegeUITests;
			sourceTree = "<group>";
		};
		A27CC0D92C8A6AAF00242728 /* Models */ = {
			isa = PBXGroup;
			children = (
				A27CC0DA2C8A6B0200242728 /* MealDetailsDTO.swift */,
				A27CC0DC2C8A6C0C00242728 /* MealsDTO.swift */,
				A27CC0F12C8BAA0E00242728 /* MealDetail.swift */,
				A27CC0F32C8BAA4900242728 /* Meal.swift */,
			);
			path = Models;
			sourceTree = "<group>";
		};
		A27CC0DE2C8A6C2D00242728 /* Views */ = {
			isa = PBXGroup;
			children = (
				A27CC0EA2C8A783200242728 /* Components */,
				A27CC0D72C8928D600242728 /* DessertDetailView.swift */,
				A27CC0AF2C891F2C00242728 /* DessertListView.swift */,
			);
			path = Views;
			sourceTree = "<group>";
		};
		A27CC0E02C8A728200242728 /* ViewModels */ = {
			isa = PBXGroup;
			children = (
				A27CC0E12C8A729700242728 /* DessertDetailViewModel.swift */,
				A27CC0E32C8A72F300242728 /* DessertListViewModel.swift */,
			);
			path = ViewModels;
			sourceTree = "<group>";
		};
		A27CC0E52C8A767B00242728 /* DataProviders */ = {
			isa = PBXGroup;
			children = (
				A27CC1002C91001100242728 /* DetailDataProvider */,
				A27CC0F92C90FF5A00242728 /* ListDataProvider */,
				A27CC0ED2C8A7A8100242728 /* DataProvider.swift */,
				A27CC0EF2C8BA72B00242728 /* APIEndpoint.swift */,
			);
			path = DataProviders;
			sourceTree = "<group>";
		};
		A27CC0EA2C8A783200242728 /* Components */ = {
			isa = PBXGroup;
			children = (
				A27CC0EB2C8A784700242728 /* AsyncImageView.swift */,
			);
			path = Components;
			sourceTree = "<group>";
		};
		A27CC0F92C90FF5A00242728 /* ListDataProvider */ = {
			isa = PBXGroup;
			children = (
				A27CC0E62C8A769600242728 /* DessertListDataProvider.swift */,
				A27CC0FA2C90FF7200242728 /* ListDataProvider.swift */,
				A27CC0FC2C90FFA500242728 /* MockListDataProvider.swift */,
				A27CC0FE2C90FFD200242728 /* MockThrowingListDataProvider.swift */,
			);
			path = ListDataProvider;
			sourceTree = "<group>";
		};
		A27CC1002C91001100242728 /* DetailDataProvider */ = {
			isa = PBXGroup;
			children = (
				A27CC0E82C8A771300242728 /* DessertDetailDataProvider.swift */,
				A27CC1012C91002700242728 /* DetailDataProvider.swift */,
				A27CC1052C9100BD00242728 /* MockDetailDataProvider.swift */,
				A27CC1032C91009500242728 /* MockThrowingDetailDataProvider.swift */,
			);
			path = DetailDataProvider;
			sourceTree = "<group>";
		};
/* End PBXGroup section */

/* Begin PBXNativeTarget section */
		A27CC0A92C891F2C00242728 /* FetchiOSCodingChallanege */ = {
			isa = PBXNativeTarget;
			buildConfigurationList = A27CC0CE2C891F2E00242728 /* Build configuration list for PBXNativeTarget "FetchiOSCodingChallanege" */;
			buildPhases = (
				A27CC0A62C891F2C00242728 /* Sources */,
				A27CC0A72C891F2C00242728 /* Frameworks */,
				A27CC0A82C891F2C00242728 /* Resources */,
			);
			buildRules = (
			);
			dependencies = (
			);
			name = FetchiOSCodingChallanege;
			productName = FetchiOSCodingChallanege;
			productReference = A27CC0AA2C891F2C00242728 /* FetchiOSCodingChallanege.app */;
			productType = "com.apple.product-type.application";
		};
		A27CC0B92C891F2E00242728 /* FetchiOSCodingChallanegeTests */ = {
			isa = PBXNativeTarget;
			buildConfigurationList = A27CC0D12C891F2E00242728 /* Build configuration list for PBXNativeTarget "FetchiOSCodingChallanegeTests" */;
			buildPhases = (
				A27CC0B62C891F2E00242728 /* Sources */,
				A27CC0B72C891F2E00242728 /* Frameworks */,
				A27CC0B82C891F2E00242728 /* Resources */,
			);
			buildRules = (
			);
			dependencies = (
				A27CC0BC2C891F2E00242728 /* PBXTargetDependency */,
			);
			name = FetchiOSCodingChallanegeTests;
			productName = FetchiOSCodingChallanegeTests;
			productReference = A27CC0BA2C891F2E00242728 /* FetchiOSCodingChallanegeTests.xctest */;
			productType = "com.apple.product-type.bundle.unit-test";
		};
		A27CC0C32C891F2E00242728 /* FetchiOSCodingChallanegeUITests */ = {
			isa = PBXNativeTarget;
			buildConfigurationList = A27CC0D42C891F2E00242728 /* Build configuration list for PBXNativeTarget "FetchiOSCodingChallanegeUITests" */;
			buildPhases = (
				A27CC0C02C891F2E00242728 /* Sources */,
				A27CC0C12C891F2E00242728 /* Frameworks */,
				A27CC0C22C891F2E00242728 /* Resources */,
			);
			buildRules = (
			);
			dependencies = (
				A27CC0C62C891F2E00242728 /* PBXTargetDependency */,
			);
			name = FetchiOSCodingChallanegeUITests;
			productName = FetchiOSCodingChallanegeUITests;
			productReference = A27CC0C42C891F2E00242728 /* FetchiOSCodingChallanegeUITests.xctest */;
			productType = "com.apple.product-type.bundle.ui-testing";
		};
/* End PBXNativeTarget section */

/* Begin PBXProject section */
		A27CC0A22C891F2C00242728 /* Project object */ = {
			isa = PBXProject;
			attributes = {
				BuildIndependentTargetsInParallel = 1;
				LastSwiftUpdateCheck = 1520;
				LastUpgradeCheck = 1520;
				TargetAttributes = {
					A27CC0A92C891F2C00242728 = {
						CreatedOnToolsVersion = 15.2;
					};
					A27CC0B92C891F2E00242728 = {
						CreatedOnToolsVersion = 15.2;
						TestTargetID = A27CC0A92C891F2C00242728;
					};
					A27CC0C32C891F2E00242728 = {
						CreatedOnToolsVersion = 15.2;
						TestTargetID = A27CC0A92C891F2C00242728;
					};
				};
			};
			buildConfigurationList = A27CC0A52C891F2C00242728 /* Build configuration list for PBXProject "FetchiOSCodingChallanege" */;
			compatibilityVersion = "Xcode 14.0";
			developmentRegion = en;
			hasScannedForEncodings = 0;
			knownRegions = (
				en,
				Base,
			);
			mainGroup = A27CC0A12C891F2C00242728;
			productRefGroup = A27CC0AB2C891F2C00242728 /* Products */;
			projectDirPath = "";
			projectRoot = "";
			targets = (
				A27CC0A92C891F2C00242728 /* FetchiOSCodingChallanege */,
				A27CC0B92C891F2E00242728 /* FetchiOSCodingChallanegeTests */,
				A27CC0C32C891F2E00242728 /* FetchiOSCodingChallanegeUITests */,
			);
		};
/* End PBXProject section */

/* Begin PBXResourcesBuildPhase section */
		A27CC0A82C891F2C00242728 /* Resources */ = {
			isa = PBXResourcesBuildPhase;
			buildActionMask = 2147483647;
			files = (
				A27CC0B52C891F2E00242728 /* Preview Assets.xcassets in Resources */,
				A27CC0B22C891F2E00242728 /* Assets.xcassets in Resources */,
			);
			runOnlyForDeploymentPostprocessing = 0;
		};
		A27CC0B82C891F2E00242728 /* Resources */ = {
			isa = PBXResourcesBuildPhase;
			buildActionMask = 2147483647;
			files = (
			);
			runOnlyForDeploymentPostprocessing = 0;
		};
		A27CC0C22C891F2E00242728 /* Resources */ = {
			isa = PBXResourcesBuildPhase;
			buildActionMask = 2147483647;
			files = (
			);
			runOnlyForDeploymentPostprocessing = 0;
		};
/* End PBXResourcesBuildPhase section */

/* Begin PBXSourcesBuildPhase section */
		A27CC0A62C891F2C00242728 /* Sources */ = {
			isa = PBXSourcesBuildPhase;
			buildActionMask = 2147483647;
			files = (
				A27CC0FD2C90FFA500242728 /* MockListDataProvider.swift in Sources */,
				A27CC1042C91009500242728 /* MockThrowingDetailDataProvider.swift in Sources */,
				A27CC0FF2C90FFD200242728 /* MockThrowingListDataProvider.swift in Sources */,
				A27CC0B02C891F2C00242728 /* DessertListView.swift in Sources */,
				A27CC1022C91002700242728 /* DetailDataProvider.swift in Sources */,
				A27CC0DD2C8A6C0C00242728 /* MealsDTO.swift in Sources */,
				A27CC0F42C8BAA4900242728 /* Meal.swift in Sources */,
				A27CC0E22C8A729700242728 /* DessertDetailViewModel.swift in Sources */,
				A27CC0EC2C8A784700242728 /* AsyncImageView.swift in Sources */,
				A27CC0E72C8A769600242728 /* DessertListDataProvider.swift in Sources */,
				A27CC0EE2C8A7A8100242728 /* DataProvider.swift in Sources */,
				A27CC0AE2C891F2C00242728 /* FetchiOSCodingChallanegeApp.swift in Sources */,
				A27CC0F02C8BA72B00242728 /* APIEndpoint.swift in Sources */,
				A27CC0E42C8A72F300242728 /* DessertListViewModel.swift in Sources */,
				A27CC0D82C8928D600242728 /* DessertDetailView.swift in Sources */,
				A27CC0E92C8A771300242728 /* DessertDetailDataProvider.swift in Sources */,
				A27CC0FB2C90FF7200242728 /* ListDataProvider.swift in Sources */,
				A27CC1062C9100BD00242728 /* MockDetailDataProvider.swift in Sources */,
				A27CC0F22C8BAA0E00242728 /* MealDetail.swift in Sources */,
				A27CC0DB2C8A6B0200242728 /* MealDetailsDTO.swift in Sources */,
			);
			runOnlyForDeploymentPostprocessing = 0;
		};
		A27CC0B62C891F2E00242728 /* Sources */ = {
			isa = PBXSourcesBuildPhase;
			buildActionMask = 2147483647;
			files = (
				A27CC0F62C8BB06F00242728 /* DessertDetailViewModelTests.swift in Sources */,
				A27CC0BF2C891F2E00242728 /* FetchiOSCodingChallanegeTests.swift in Sources */,
				A27CC0F82C8E654B00242728 /* DessertListViewModelTests.swift in Sources */,
			);
			runOnlyForDeploymentPostprocessing = 0;
		};
		A27CC0C02C891F2E00242728 /* Sources */ = {
			isa = PBXSourcesBuildPhase;
			buildActionMask = 2147483647;
			files = (
				A27CC0C92C891F2E00242728 /* FetchiOSCodingChallanegeUITests.swift in Sources */,
				A27CC0CB2C891F2E00242728 /* FetchiOSCodingChallanegeUITestsLaunchTests.swift in Sources */,
			);
			runOnlyForDeploymentPostprocessing = 0;
		};
/* End PBXSourcesBuildPhase section */

/* Begin PBXTargetDependency section */
		A27CC0BC2C891F2E00242728 /* PBXTargetDependency */ = {
			isa = PBXTargetDependency;
			target = A27CC0A92C891F2C00242728 /* FetchiOSCodingChallanege */;
			targetProxy = A27CC0BB2C891F2E00242728 /* PBXContainerItemProxy */;
		};
		A27CC0C62C891F2E00242728 /* PBXTargetDependency */ = {
			isa = PBXTargetDependency;
			target = A27CC0A92C891F2C00242728 /* FetchiOSCodingChallanege */;
			targetProxy = A27CC0C52C891F2E00242728 /* PBXContainerItemProxy */;
		};
/* End PBXTargetDependency section */

/* Begin XCBuildConfiguration section */
		A27CC0CC2C891F2E00242728 /* Debug */ = {
			isa = XCBuildConfiguration;
			buildSettings = {
				ALWAYS_SEARCH_USER_PATHS = NO;
				ASSETCATALOG_COMPILER_GENERATE_SWIFT_ASSET_SYMBOL_EXTENSIONS = YES;
				CLANG_ANALYZER_NONNULL = YES;
				CLANG_ANALYZER_NUMBER_OBJECT_CONVERSION = YES_AGGRESSIVE;
				CLANG_CXX_LANGUAGE_STANDARD = "gnu++20";
				CLANG_ENABLE_MODULES = YES;
				CLANG_ENABLE_OBJC_ARC = YES;
				CLANG_ENABLE_OBJC_WEAK = YES;
				CLANG_WARN_BLOCK_CAPTURE_AUTORELEASING = YES;
				CLANG_WARN_BOOL_CONVERSION = YES;
				CLANG_WARN_COMMA = YES;
				CLANG_WARN_CONSTANT_CONVERSION = YES;
				CLANG_WARN_DEPRECATED_OBJC_IMPLEMENTATIONS = YES;
				CLANG_WARN_DIRECT_OBJC_ISA_USAGE = YES_ERROR;
				CLANG_WARN_DOCUMENTATION_COMMENTS = YES;
				CLANG_WARN_EMPTY_BODY = YES;
				CLANG_WARN_ENUM_CONVERSION = YES;
				CLANG_WARN_INFINITE_RECURSION = YES;
				CLANG_WARN_INT_CONVERSION = YES;
				CLANG_WARN_NON_LITERAL_NULL_CONVERSION = YES;
				CLANG_WARN_OBJC_IMPLICIT_RETAIN_SELF = YES;
				CLANG_WARN_OBJC_LITERAL_CONVERSION = YES;
				CLANG_WARN_OBJC_ROOT_CLASS = YES_ERROR;
				CLANG_WARN_QUOTED_INCLUDE_IN_FRAMEWORK_HEADER = YES;
				CLANG_WARN_RANGE_LOOP_ANALYSIS = YES;
				CLANG_WARN_STRICT_PROTOTYPES = YES;
				CLANG_WARN_SUSPICIOUS_MOVE = YES;
				CLANG_WARN_UNGUARDED_AVAILABILITY = YES_AGGRESSIVE;
				CLANG_WARN_UNREACHABLE_CODE = YES;
				CLANG_WARN__DUPLICATE_METHOD_MATCH = YES;
				COPY_PHASE_STRIP = NO;
				DEBUG_INFORMATION_FORMAT = dwarf;
				ENABLE_STRICT_OBJC_MSGSEND = YES;
				ENABLE_TESTABILITY = YES;
				ENABLE_USER_SCRIPT_SANDBOXING = YES;
				GCC_C_LANGUAGE_STANDARD = gnu17;
				GCC_DYNAMIC_NO_PIC = NO;
				GCC_NO_COMMON_BLOCKS = YES;
				GCC_OPTIMIZATION_LEVEL = 0;
				GCC_PREPROCESSOR_DEFINITIONS = (
					"DEBUG=1",
					"$(inherited)",
				);
				GCC_WARN_64_TO_32_BIT_CONVERSION = YES;
				GCC_WARN_ABOUT_RETURN_TYPE = YES_ERROR;
				GCC_WARN_UNDECLARED_SELECTOR = YES;
				GCC_WARN_UNINITIALIZED_AUTOS = YES_AGGRESSIVE;
				GCC_WARN_UNUSED_FUNCTION = YES;
				GCC_WARN_UNUSED_VARIABLE = YES;
				IPHONEOS_DEPLOYMENT_TARGET = 17.2;
				LOCALIZATION_PREFERS_STRING_CATALOGS = YES;
				MTL_ENABLE_DEBUG_INFO = INCLUDE_SOURCE;
				MTL_FAST_MATH = YES;
				ONLY_ACTIVE_ARCH = YES;
				SDKROOT = iphoneos;
				SWIFT_ACTIVE_COMPILATION_CONDITIONS = "DEBUG $(inherited)";
				SWIFT_OPTIMIZATION_LEVEL = "-Onone";
			};
			name = Debug;
		};
		A27CC0CD2C891F2E00242728 /* Release */ = {
			isa = XCBuildConfiguration;
			buildSettings = {
				ALWAYS_SEARCH_USER_PATHS = NO;
				ASSETCATALOG_COMPILER_GENERATE_SWIFT_ASSET_SYMBOL_EXTENSIONS = YES;
				CLANG_ANALYZER_NONNULL = YES;
				CLANG_ANALYZER_NUMBER_OBJECT_CONVERSION = YES_AGGRESSIVE;
				CLANG_CXX_LANGUAGE_STANDARD = "gnu++20";
				CLANG_ENABLE_MODULES = YES;
				CLANG_ENABLE_OBJC_ARC = YES;
				CLANG_ENABLE_OBJC_WEAK = YES;
				CLANG_WARN_BLOCK_CAPTURE_AUTORELEASING = YES;
				CLANG_WARN_BOOL_CONVERSION = YES;
				CLANG_WARN_COMMA = YES;
				CLANG_WARN_CONSTANT_CONVERSION = YES;
				CLANG_WARN_DEPRECATED_OBJC_IMPLEMENTATIONS = YES;
				CLANG_WARN_DIRECT_OBJC_ISA_USAGE = YES_ERROR;
				CLANG_WARN_DOCUMENTATION_COMMENTS = YES;
				CLANG_WARN_EMPTY_BODY = YES;
				CLANG_WARN_ENUM_CONVERSION = YES;
				CLANG_WARN_INFINITE_RECURSION = YES;
				CLANG_WARN_INT_CONVERSION = YES;
				CLANG_WARN_NON_LITERAL_NULL_CONVERSION = YES;
				CLANG_WARN_OBJC_IMPLICIT_RETAIN_SELF = YES;
				CLANG_WARN_OBJC_LITERAL_CONVERSION = YES;
				CLANG_WARN_OBJC_ROOT_CLASS = YES_ERROR;
				CLANG_WARN_QUOTED_INCLUDE_IN_FRAMEWORK_HEADER = YES;
				CLANG_WARN_RANGE_LOOP_ANALYSIS = YES;
				CLANG_WARN_STRICT_PROTOTYPES = YES;
				CLANG_WARN_SUSPICIOUS_MOVE = YES;
				CLANG_WARN_UNGUARDED_AVAILABILITY = YES_AGGRESSIVE;
				CLANG_WARN_UNREACHABLE_CODE = YES;
				CLANG_WARN__DUPLICATE_METHOD_MATCH = YES;
				COPY_PHASE_STRIP = NO;
				DEBUG_INFORMATION_FORMAT = "dwarf-with-dsym";
				ENABLE_NS_ASSERTIONS = NO;
				ENABLE_STRICT_OBJC_MSGSEND = YES;
				ENABLE_USER_SCRIPT_SANDBOXING = YES;
				GCC_C_LANGUAGE_STANDARD = gnu17;
				GCC_NO_COMMON_BLOCKS = YES;
				GCC_WARN_64_TO_32_BIT_CONVERSION = YES;
				GCC_WARN_ABOUT_RETURN_TYPE = YES_ERROR;
				GCC_WARN_UNDECLARED_SELECTOR = YES;
				GCC_WARN_UNINITIALIZED_AUTOS = YES_AGGRESSIVE;
				GCC_WARN_UNUSED_FUNCTION = YES;
				GCC_WARN_UNUSED_VARIABLE = YES;
				IPHONEOS_DEPLOYMENT_TARGET = 17.2;
				LOCALIZATION_PREFERS_STRING_CATALOGS = YES;
				MTL_ENABLE_DEBUG_INFO = NO;
				MTL_FAST_MATH = YES;
				SDKROOT = iphoneos;
				SWIFT_COMPILATION_MODE = wholemodule;
				VALIDATE_PRODUCT = YES;
			};
			name = Release;
		};
		A27CC0CF2C891F2E00242728 /* Debug */ = {
			isa = XCBuildConfiguration;
			buildSettings = {
				ASSETCATALOG_COMPILER_APPICON_NAME = AppIcon;
				ASSETCATALOG_COMPILER_GLOBAL_ACCENT_COLOR_NAME = AccentColor;
				CODE_SIGN_STYLE = Automatic;
				CURRENT_PROJECT_VERSION = 1;
				DEVELOPMENT_ASSET_PATHS = "\"FetchiOSCodingChallanege/Preview Content\"";
				DEVELOPMENT_TEAM = X5DNPU6CLN;
				ENABLE_PREVIEWS = YES;
				GENERATE_INFOPLIST_FILE = YES;
				INFOPLIST_KEY_UIApplicationSceneManifest_Generation = YES;
				INFOPLIST_KEY_UIApplicationSupportsIndirectInputEvents = YES;
				INFOPLIST_KEY_UILaunchScreen_Generation = YES;
				INFOPLIST_KEY_UISupportedInterfaceOrientations_iPad = "UIInterfaceOrientationPortrait UIInterfaceOrientationPortraitUpsideDown UIInterfaceOrientationLandscapeLeft UIInterfaceOrientationLandscapeRight";
				INFOPLIST_KEY_UISupportedInterfaceOrientations_iPhone = "UIInterfaceOrientationPortrait UIInterfaceOrientationLandscapeLeft UIInterfaceOrientationLandscapeRight";
				LD_RUNPATH_SEARCH_PATHS = (
					"$(inherited)",
					"@executable_path/Frameworks",
				);
				MARKETING_VERSION = 1.0;
				PRODUCT_BUNDLE_IDENTIFIER = TommyChavez.FetchiOSCodingChallanege;
				PRODUCT_NAME = "$(TARGET_NAME)";
				SWIFT_EMIT_LOC_STRINGS = YES;
				SWIFT_VERSION = 5.0;
				TARGETED_DEVICE_FAMILY = "1,2";
			};
			name = Debug;
		};
		A27CC0D02C891F2E00242728 /* Release */ = {
			isa = XCBuildConfiguration;
			buildSettings = {
				ASSETCATALOG_COMPILER_APPICON_NAME = AppIcon;
				ASSETCATALOG_COMPILER_GLOBAL_ACCENT_COLOR_NAME = AccentColor;
				CODE_SIGN_STYLE = Automatic;
				CURRENT_PROJECT_VERSION = 1;
				DEVELOPMENT_ASSET_PATHS = "\"FetchiOSCodingChallanege/Preview Content\"";
				DEVELOPMENT_TEAM = X5DNPU6CLN;
				ENABLE_PREVIEWS = YES;
				GENERATE_INFOPLIST_FILE = YES;
				INFOPLIST_KEY_UIApplicationSceneManifest_Generation = YES;
				INFOPLIST_KEY_UIApplicationSupportsIndirectInputEvents = YES;
				INFOPLIST_KEY_UILaunchScreen_Generation = YES;
				INFOPLIST_KEY_UISupportedInterfaceOrientations_iPad = "UIInterfaceOrientationPortrait UIInterfaceOrientationPortraitUpsideDown UIInterfaceOrientationLandscapeLeft UIInterfaceOrientationLandscapeRight";
				INFOPLIST_KEY_UISupportedInterfaceOrientations_iPhone = "UIInterfaceOrientationPortrait UIInterfaceOrientationLandscapeLeft UIInterfaceOrientationLandscapeRight";
				LD_RUNPATH_SEARCH_PATHS = (
					"$(inherited)",
					"@executable_path/Frameworks",
				);
				MARKETING_VERSION = 1.0;
				PRODUCT_BUNDLE_IDENTIFIER = TommyChavez.FetchiOSCodingChallanege;
				PRODUCT_NAME = "$(TARGET_NAME)";
				SWIFT_EMIT_LOC_STRINGS = YES;
				SWIFT_VERSION = 5.0;
				TARGETED_DEVICE_FAMILY = "1,2";
			};
			name = Release;
		};
		A27CC0D22C891F2E00242728 /* Debug */ = {
			isa = XCBuildConfiguration;
			buildSettings = {
				ALWAYS_EMBED_SWIFT_STANDARD_LIBRARIES = YES;
				BUNDLE_LOADER = "$(TEST_HOST)";
				CODE_SIGN_STYLE = Automatic;
				CURRENT_PROJECT_VERSION = 1;
				DEVELOPMENT_TEAM = X5DNPU6CLN;
				GENERATE_INFOPLIST_FILE = YES;
				IPHONEOS_DEPLOYMENT_TARGET = 17.2;
				MARKETING_VERSION = 1.0;
				PRODUCT_BUNDLE_IDENTIFIER = TommyChavez.FetchiOSCodingChallanegeTests;
				PRODUCT_NAME = "$(TARGET_NAME)";
				SWIFT_EMIT_LOC_STRINGS = NO;
				SWIFT_VERSION = 5.0;
				TARGETED_DEVICE_FAMILY = "1,2";
				TEST_HOST = "$(BUILT_PRODUCTS_DIR)/FetchiOSCodingChallanege.app/$(BUNDLE_EXECUTABLE_FOLDER_PATH)/FetchiOSCodingChallanege";
			};
			name = Debug;
		};
		A27CC0D32C891F2E00242728 /* Release */ = {
			isa = XCBuildConfiguration;
			buildSettings = {
				ALWAYS_EMBED_SWIFT_STANDARD_LIBRARIES = YES;
				BUNDLE_LOADER = "$(TEST_HOST)";
				CODE_SIGN_STYLE = Automatic;
				CURRENT_PROJECT_VERSION = 1;
				DEVELOPMENT_TEAM = X5DNPU6CLN;
				GENERATE_INFOPLIST_FILE = YES;
				IPHONEOS_DEPLOYMENT_TARGET = 17.2;
				MARKETING_VERSION = 1.0;
				PRODUCT_BUNDLE_IDENTIFIER = TommyChavez.FetchiOSCodingChallanegeTests;
				PRODUCT_NAME = "$(TARGET_NAME)";
				SWIFT_EMIT_LOC_STRINGS = NO;
				SWIFT_VERSION = 5.0;
				TARGETED_DEVICE_FAMILY = "1,2";
				TEST_HOST = "$(BUILT_PRODUCTS_DIR)/FetchiOSCodingChallanege.app/$(BUNDLE_EXECUTABLE_FOLDER_PATH)/FetchiOSCodingChallanege";
			};
			name = Release;
		};
		A27CC0D52C891F2E00242728 /* Debug */ = {
			isa = XCBuildConfiguration;
			buildSettings = {
				ALWAYS_EMBED_SWIFT_STANDARD_LIBRARIES = YES;
				CODE_SIGN_STYLE = Automatic;
				CURRENT_PROJECT_VERSION = 1;
				DEVELOPMENT_TEAM = X5DNPU6CLN;
				GENERATE_INFOPLIST_FILE = YES;
				MARKETING_VERSION = 1.0;
				PRODUCT_BUNDLE_IDENTIFIER = TommyChavez.FetchiOSCodingChallanegeUITests;
				PRODUCT_NAME = "$(TARGET_NAME)";
				SWIFT_EMIT_LOC_STRINGS = NO;
				SWIFT_VERSION = 5.0;
				TARGETED_DEVICE_FAMILY = "1,2";
				TEST_TARGET_NAME = FetchiOSCodingChallanege;
			};
			name = Debug;
		};
		A27CC0D62C891F2E00242728 /* Release */ = {
			isa = XCBuildConfiguration;
			buildSettings = {
				ALWAYS_EMBED_SWIFT_STANDARD_LIBRARIES = YES;
				CODE_SIGN_STYLE = Automatic;
				CURRENT_PROJECT_VERSION = 1;
				DEVELOPMENT_TEAM = X5DNPU6CLN;
				GENERATE_INFOPLIST_FILE = YES;
				MARKETING_VERSION = 1.0;
				PRODUCT_BUNDLE_IDENTIFIER = TommyChavez.FetchiOSCodingChallanegeUITests;
				PRODUCT_NAME = "$(TARGET_NAME)";
				SWIFT_EMIT_LOC_STRINGS = NO;
				SWIFT_VERSION = 5.0;
				TARGETED_DEVICE_FAMILY = "1,2";
				TEST_TARGET_NAME = FetchiOSCodingChallanege;
			};
			name = Release;
		};
/* End XCBuildConfiguration section */

/* Begin XCConfigurationList section */
		A27CC0A52C891F2C00242728 /* Build configuration list for PBXProject "FetchiOSCodingChallanege" */ = {
			isa = XCConfigurationList;
			buildConfigurations = (
				A27CC0CC2C891F2E00242728 /* Debug */,
				A27CC0CD2C891F2E00242728 /* Release */,
			);
			defaultConfigurationIsVisible = 0;
			defaultConfigurationName = Release;
		};
		A27CC0CE2C891F2E00242728 /* Build configuration list for PBXNativeTarget "FetchiOSCodingChallanege" */ = {
			isa = XCConfigurationList;
			buildConfigurations = (
				A27CC0CF2C891F2E00242728 /* Debug */,
				A27CC0D02C891F2E00242728 /* Release */,
			);
			defaultConfigurationIsVisible = 0;
			defaultConfigurationName = Release;
		};
		A27CC0D12C891F2E00242728 /* Build configuration list for PBXNativeTarget "FetchiOSCodingChallanegeTests" */ = {
			isa = XCConfigurationList;
			buildConfigurations = (
				A27CC0D22C891F2E00242728 /* Debug */,
				A27CC0D32C891F2E00242728 /* Release */,
			);
			defaultConfigurationIsVisible = 0;
			defaultConfigurationName = Release;
		};
		A27CC0D42C891F2E00242728 /* Build configuration list for PBXNativeTarget "FetchiOSCodingChallanegeUITests" */ = {
			isa = XCConfigurationList;
			buildConfigurations = (
				A27CC0D52C891F2E00242728 /* Debug */,
				A27CC0D62C891F2E00242728 /* Release */,
			);
			defaultConfigurationIsVisible = 0;
			defaultConfigurationName = Release;
		};
/* End XCConfigurationList section */
	};
	rootObject = A27CC0A22C891F2C00242728 /* Project object */;
}
